# THIS IS AN AUTOGENERATED FILE. DO NOT EDIT THIS FILE DIRECTLY.
# yarn lockfile v1


"@types/node@^10.1.2":
  version "10.5.2"
  resolved "https://registry.yarnpkg.com/@types/node/-/node-10.5.2.tgz#f19f05314d5421fe37e74153254201a7bf00a707"

debug@^3.0.0:
  version "3.1.0"
  resolved "https://registry.yarnpkg.com/debug/-/debug-3.1.0.tgz#5bb5a0672628b64149566ba16819e61518c67261"
  dependencies:
    ms "2.0.0"

dotenv@^5.0.1:
  version "5.0.1"
  resolved "https://registry.yarnpkg.com/dotenv/-/dotenv-5.0.1.tgz#a5317459bd3d79ab88cff6e44057a6a3fbb1fcef"

micro-bot@^2.2.4:
  version "2.2.4"
  resolved "https://registry.yarnpkg.com/micro-bot/-/micro-bot-2.2.4.tgz#7d47a087ede18176368c98a8cf24c4b03d2e8900"
  dependencies:
    dotenv "^5.0.1"
    minimist "^1.2.0"
    telegraf "^3.20.0"

minimist@^1.2.0:
  version "1.2.0"
  resolved "https://registry.yarnpkg.com/minimist/-/minimist-1.2.0.tgz#a35008b20f41383eec1fb914f4cd5df79a264284"

ms@2.0.0:
  version "2.0.0"
  resolved "https://registry.yarnpkg.com/ms/-/ms-2.0.0.tgz#5608aeadfc00be6c2901df5f9861788de0d597c8"

node-fetch@^2.0.0:
  version "2.1.2"
  resolved "https://registry.yarnpkg.com/node-fetch/-/node-fetch-2.1.2.tgz#ab884e8e7e57e38a944753cec706f788d1768bb5"

sandwich-stream@^1.0.0:
  version "1.0.0"
  resolved "https://registry.yarnpkg.com/sandwich-stream/-/sandwich-stream-1.0.0.tgz#7830e45797b5933287f1f9b28f871907456262f2"

supervisor@^0.12.0:
  version "0.12.0"
  resolved "https://registry.yarnpkg.com/supervisor/-/supervisor-0.12.0.tgz#de7e6337015b291851c10f3538c4a7f04917ecc1"

telegraf@^3.20.0:
  version "3.21.2"
  resolved "https://registry.yarnpkg.com/telegraf/-/telegraf-3.21.2.tgz#192a79e8990297377bf2bf03085cb4d00a20d9a8"
  dependencies:
    "@types/node" "^10.1.2"
    debug "^3.0.0"
    node-fetch "^2.0.0"
    sandwich-stream "^1.0.0"
    telegram-typings "^3.6.0"
    typescript "^2.8.3"

telegram-typings@^3.6.0:
  version "3.6.1"
  resolved "https://registry.yarnpkg.com/telegram-typings/-/telegram-typings-3.6.1.tgz#1288d547f8694b61f1c01c2993e295f3114d9e25"

typescript@^2.8.3:
  version "2.9.2"
  resolved "https://registry.yarnpkg.com/typescript/-/typescript-2.9.2.tgz#1cbf61d05d6b96269244eb6a3bce4bd914e0f00c"
